// !$*UTF8*$!
{
	archiveVersion = 1;
	classes = {
	};
	objectVersion = 46;
	objects = {

/* Begin PBXBuildFile section */
		24B9C37D16532E850074A9FC /* UIKit.framework in Frameworks */ = {isa = PBXBuildFile; fileRef = 24B9C37C16532E850074A9FC /* UIKit.framework */; };
		24B9C37F16532E850074A9FC /* Foundation.framework in Frameworks */ = {isa = PBXBuildFile; fileRef = 24B9C37E16532E850074A9FC /* Foundation.framework */; };
		24B9C38116532E850074A9FC /* CoreGraphics.framework in Frameworks */ = {isa = PBXBuildFile; fileRef = 24B9C38016532E850074A9FC /* CoreGraphics.framework */; };
		24B9C38716532E850074A9FC /* InfoPlist.strings in Resources */ = {isa = PBXBuildFile; fileRef = 24B9C38516532E850074A9FC /* InfoPlist.strings */; };
		24B9C38916532E850074A9FC /* main.m in Sources */ = {isa = PBXBuildFile; fileRef = 24B9C38816532E850074A9FC /* main.m */; };
		24B9C38D16532E850074A9FC /* GAAppDelegate.m in Sources */ = {isa = PBXBuildFile; fileRef = 24B9C38C16532E850074A9FC /* GAAppDelegate.m */; };
/* End PBXBuildFile section */

/* Begin PBXFileReference section */
		24B9C37816532E850074A9FC /* IndividExample.app */ = {isa = PBXFileReference; explicitFileType = wrapper.application; includeInIndex = 0; path = IndividExample.app; sourceTree = BUILT_PRODUCTS_DIR; };
		24B9C37C16532E850074A9FC /* UIKit.framework */ = {isa = PBXFileReference; lastKnownFileType = wrapper.framework; name = UIKit.framework; path = System/Library/Frameworks/UIKit.framework; sourceTree = SDKROOT; };
		24B9C37E16532E850074A9FC /* Foundation.framework */ = {isa = PBXFileReference; lastKnownFileType = wrapper.framework; name = Foundation.framework; path = System/Library/Frameworks/Foundation.framework; sourceTree = SDKROOT; };
		24B9C38016532E850074A9FC /* CoreGraphics.framework */ = {isa = PBXFileReference; lastKnownFileType = wrapper.framework; name = CoreGraphics.framework; path = System/Library/Frameworks/CoreGraphics.framework; sourceTree = SDKROOT; };
		24B9C38416532E850074A9FC /* IndividExample-Info.plist */ = {isa = PBXFileReference; lastKnownFileType = text.plist.xml; path = "IndividExample-Info.plist"; sourceTree = "<group>"; };
		24B9C38616532E850074A9FC /* en */ = {isa = PBXFileReference; lastKnownFileType = text.plist.strings; name = en; path = en.lproj/InfoPlist.strings; sourceTree = "<group>"; };
		24B9C38816532E850074A9FC /* main.m */ = {isa = PBXFileReference; lastKnownFileType = sourcecode.c.objc; path = main.m; sourceTree = "<group>"; };
		24B9C38A16532E850074A9FC /* IndividExample-Prefix.pch */ = {isa = PBXFileReference; lastKnownFileType = sourcecode.c.h; path = "IndividExample-Prefix.pch"; sourceTree = "<group>"; };
		24B9C38B16532E850074A9FC /* GAAppDelegate.h */ = {isa = PBXFileReference; lastKnownFileType = sourcecode.c.h; path = GAAppDelegate.h; sourceTree = "<group>"; };
		24B9C38C16532E850074A9FC /* GAAppDelegate.m */ = {isa = PBXFileReference; lastKnownFileType = sourcecode.c.objc; path = GAAppDelegate.m; sourceTree = "<group>"; };
/* End PBXFileReference section */

/* Begin PBXFrameworksBuildPhase section */
		24B9C37516532E850074A9FC /* Frameworks */ = {
			isa = PBXFrameworksBuildPhase;
			buildActionMask = 2147483647;
			files = (
				24B9C37D16532E850074A9FC /* UIKit.framework in Frameworks */,
				24B9C37F16532E850074A9FC /* Foundation.framework in Frameworks */,
				24B9C38116532E850074A9FC /* CoreGraphics.framework in Frameworks */,
			);
			runOnlyForDeploymentPostprocessing = 0;
		};
/* End PBXFrameworksBuildPhase section */

/* Begin PBXGroup section */
		24B9C36D16532E850074A9FC = {
			isa = PBXGroup;
			children = (
				24B9C38216532E850074A9FC /* IndividExample */,
				24B9C37B16532E850074A9FC /* Frameworks */,
				24B9C37916532E850074A9FC /* Products */,
			);
			sourceTree = "<group>";
		};
		24B9C37916532E850074A9FC /* Products */ = {
			isa = PBXGroup;
			children = (
				24B9C37816532E850074A9FC /* IndividExample.app */,
			);
			name = Products;
			sourceTree = "<group>";
		};
		24B9C37B16532E850074A9FC /* Frameworks */ = {
			isa = PBXGroup;
			children = (
				24B9C37C16532E850074A9FC /* UIKit.framework */,
				24B9C37E16532E850074A9FC /* Foundation.framework */,
				24B9C38016532E850074A9FC /* CoreGraphics.framework */,
			);
			name = Frameworks;
			sourceTree = "<group>";
		};
		24B9C38216532E850074A9FC /* IndividExample */ = {
			isa = PBXGroup;
			children = (
				24B9C38B16532E850074A9FC /* GAAppDelegate.h */,
				24B9C38C16532E850074A9FC /* GAAppDelegate.m */,
				24B9C38316532E850074A9FC /* Supporting Files */,
			);
			path = IndividExample;
			sourceTree = "<group>";
		};
		24B9C38316532E850074A9FC /* Supporting Files */ = {
			isa = PBXGroup;
			children = (
				24B9C38416532E850074A9FC /* IndividExample-Info.plist */,
				24B9C38516532E850074A9FC /* InfoPlist.strings */,
				24B9C38816532E850074A9FC /* main.m */,
				24B9C38A16532E850074A9FC /* IndividExample-Prefix.pch */,
			);
			name = "Supporting Files";
			sourceTree = "<group>";
		};
/* End PBXGroup section */

/* Begin PBXNativeTarget section */
		24B9C37716532E850074A9FC /* IndividExample */ = {
			isa = PBXNativeTarget;
			buildConfigurationList = 24B9C39016532E850074A9FC /* Build configuration list for PBXNativeTarget "IndividExample" */;
			buildPhases = (
				24B9C37416532E850074A9FC /* Sources */,
				24B9C37516532E850074A9FC /* Frameworks */,
				24B9C37616532E850074A9FC /* Resources */,
			);
			buildRules = (
			);
			dependencies = (
			);
			name = IndividExample;
			productName = IndividExample;
			productReference = 24B9C37816532E850074A9FC /* IndividExample.app */;
			productType = "com.apple.product-type.application";
		};
/* End PBXNativeTarget section */

/* Begin PBXProject section */
		24B9C36F16532E850074A9FC /* Project object */ = {
			isa = PBXProject;
			attributes = {
				CLASSPREFIX = GA;
				LastUpgradeCheck = 0440;
			};
			buildConfigurationList = 24B9C37216532E850074A9FC /* Build configuration list for PBXProject "IndividExample" */;
			compatibilityVersion = "Xcode 3.2";
			developmentRegion = English;
			hasScannedForEncodings = 0;
			knownRegions = (
				en,
			);
			mainGroup = 24B9C36D16532E850074A9FC;
			productRefGroup = 24B9C37916532E850074A9FC /* Products */;
			projectDirPath = "";
			projectRoot = "";
			targets = (
				24B9C37716532E850074A9FC /* IndividExample */,
			);
		};
/* End PBXProject section */

/* Begin PBXResourcesBuildPhase section */
		24B9C37616532E850074A9FC /* Resources */ = {
			isa = PBXResourcesBuildPhase;
			buildActionMask = 2147483647;
			files = (
				24B9C38716532E850074A9FC /* InfoPlist.strings in Resources */,
			);
			runOnlyForDeploymentPostprocessing = 0;
		};
/* End PBXResourcesBuildPhase section */

/* Begin PBXSourcesBuildPhase section */
		24B9C37416532E850074A9FC /* Sources */ = {
			isa = PBXSourcesBuildPhase;
			buildActionMask = 2147483647;
			files = (
				24B9C38916532E850074A9FC /* main.m in Sources */,
				24B9C38D16532E850074A9FC /* GAAppDelegate.m in Sources */,
			);
			runOnlyForDeploymentPostprocessing = 0;
		};
/* End PBXSourcesBuildPhase section */

/* Begin PBXVariantGroup section */
		24B9C38516532E850074A9FC /* InfoPlist.strings */ = {
			isa = PBXVariantGroup;
			children = (
				24B9C38616532E850074A9FC /* en */,
			);
			name = InfoPlist.strings;
			sourceTree = "<group>";
		};
/* End PBXVariantGroup section */

/* Begin XCBuildConfiguration section */
		24B9C38E16532E850074A9FC /* Debug */ = {
			isa = XCBuildConfiguration;
			buildSettings = {
				ALWAYS_SEARCH_USER_PATHS = NO;
				ARCHS = "$(ARCHS_STANDARD_32_BIT)";
				CLANG_CXX_LANGUAGE_STANDARD = "gnu++0x";
				CLANG_WARN__DUPLICATE_METHOD_MATCH = YES;
				"CODE_SIGN_IDENTITY[sdk=iphoneos*]" = "iPhone Developer";
				COPY_PHASE_STRIP = NO;
				GCC_C_LANGUAGE_STANDARD = gnu99;
				GCC_DYNAMIC_NO_PIC = NO;
				GCC_OPTIMIZATION_LEVEL = 0;
				GCC_PREPROCESSOR_DEFINITIONS = (
					"DEBUG=1",
					"$(inherited)",
				);
				GCC_SYMBOLS_PRIVATE_EXTERN = NO;
				GCC_VERSION = com.apple.compilers.llvm.clang.1_0;
				GCC_WARN_ABOUT_RETURN_TYPE = YES;
				GCC_WARN_UNINITIALIZED_AUTOS = YES;
				GCC_WARN_UNUSED_VARIABLE = YES;
				IPHONEOS_DEPLOYMENT_TARGET = 5.1;
				SDKROOT = iphoneos;
			};
			name = Debug;
		};
		24B9C38F16532E850074A9FC /* Release */ = {
			isa = XCBuildConfiguration;
			buildSettings = {
				ALWAYS_SEARCH_USER_PATHS = NO;
				ARCHS = "$(ARCHS_STANDARD_32_BIT)";
				CLANG_CXX_LANGUAGE_STANDARD = "gnu++0x";
				CLANG_WARN__DUPLICATE_METHOD_MATCH = YES;
				"CODE_SIGN_IDENTITY[sdk=iphoneos*]" = "iPhone Developer";
				COPY_PHASE_STRIP = YES;
				GCC_C_LANGUAGE_STANDARD = gnu99;
				GCC_VERSION = com.apple.compilers.llvm.clang.1_0;
				GCC_WARN_ABOUT_RETURN_TYPE = YES;
				GCC_WARN_UNINITIALIZED_AUTOS = YES;
				GCC_WARN_UNUSED_VARIABLE = YES;
				IPHONEOS_DEPLOYMENT_TARGET = 5.1;
				OTHER_CFLAGS = "-DNS_BLOCK_ASSERTIONS=1";
				SDKROOT = iphoneos;
				VALIDATE_PRODUCT = YES;
			};
			name = Release;
		};
		24B9C39116532E850074A9FC /* Debug */ = {
			isa = XCBuildConfiguration;
			buildSettings = {
				GCC_PRECOMPILE_PREFIX_HEADER = YES;
				GCC_PREFIX_HEADER = "IndividExample/IndividExample-Prefix.pch";
				INFOPLIST_FILE = "IndividExample/IndividExample-Info.plist";
				PRODUCT_NAME = "$(TARGET_NAME)";
				WRAPPER_EXTENSION = app;
			};
			name = Debug;
		};
		24B9C39216532E850074A9FC /* Release */ = {
			isa = XCBuildConfiguration;
			buildSettings = {
				GCC_PRECOMPILE_PREFIX_HEADER = YES;
				GCC_PREFIX_HEADER = "IndividExample/IndividExample-Prefix.pch";
				INFOPLIST_FILE = "IndividExample/IndividExample-Info.plist";
				PRODUCT_NAME = "$(TARGET_NAME)";
				WRAPPER_EXTENSION = app;
			};
			name = Release;
		};
/* End XCBuildConfiguration section */

/* Begin XCConfigurationList section */
		24B9C37216532E850074A9FC /* Build configuration list for PBXProject "IndividExample" */ = {
			isa = XCConfigurationList;
			buildConfigurations = (
				24B9C38E16532E850074A9FC /* Debug */,
				24B9C38F16532E850074A9FC /* Release */,
			);
			defaultConfigurationIsVisible = 0;
			defaultConfigurationName = Release;
		};
		24B9C39016532E850074A9FC /* Build configuration list for PBXNativeTarget "IndividExample" */ = {
			isa = XCConfigurationList;
			buildConfigurations = (
				24B9C39116532E850074A9FC /* Debug */,
				24B9C39216532E850074A9FC /* Release */,
			);
			defaultConfigurationIsVisible = 0;
		};
/* End XCConfigurationList section */
	};
	rootObject = 24B9C36F16532E850074A9FC /* Project object */;
}
